
Microsoft Visual Studio Solution File, Format Version 12.00
# Visual Studio Version 16
VisualStudioVersion = 16.0.31702.278
MinimumVisualStudioVersion = 10.0.40219.1
Project("{FAE04EC0-301F-11D3-BF4B-00C04F79EFBC}") = "ByteBank", "ByteBank\ByteBank.csproj", "{53B3573B-6B27-4EA9-AA90-468300FFF1A6}"
EndProject
Global
	GlobalSection(SolutionConfigurationPlatforms) = preSolution
		Debug|Any CPU = Debug|Any CPU
		Release|Any CPU = Release|Any CPU
	EndGlobalSection
	GlobalSection(ProjectConfigurationPlatforms) = postSolution
		{53B3573B-6B27-4EA9-AA90-468300FFF1A6}.Debug|Any CPU.ActiveCfg = Debug|Any CPU
		{53B3573B-6B27-4EA9-AA90-468300FFF1A6}.Debug|Any CPU.Build.0 = Debug|Any CPU
		{53B3573B-6B27-4EA9-AA90-468300FFF1A6}.Release|Any CPU.ActiveCfg = Release|Any CPU
		{53B3573B-6B27-4EA9-AA90-468300FFF1A6}.Release|Any CPU.Build.0 = Release|Any CPU
	EndGlobalSection
	GlobalSection(SolutionProperties) = preSolution
		HideSolutionNode = FALSE
	EndGlobalSection
	GlobalSection(ExtensibilityGlobals) = postSolution
		SolutionGuid = {0C294EF8-0330-49DE-98A4-524104FABB11}
	EndGlobalSection
EndGlobal
